// !$*UTF8*$!
{
	archiveVersion = 1;
	classes = {
	};
	objectVersion = 50;
	objects = {

/* Begin PBXBuildFile section */
		B9235353213896DB0025D30E /* Entity.swift in Sources */ = {isa = PBXBuildFile; fileRef = B9235352213896DB0025D30E /* Entity.swift */; };
		B9235355213896F00025D30E /* PlayerShip.swift in Sources */ = {isa = PBXBuildFile; fileRef = B9235354213896F00025D30E /* PlayerShip.swift */; };
		B9235358213899710025D30E /* SKTAudio.swift in Sources */ = {isa = PBXBuildFile; fileRef = B9235357213899710025D30E /* SKTAudio.swift */; };
		B923535D21389A5D0025D30E /* engine.sks in Resources */ = {isa = PBXBuildFile; fileRef = B923535A21389A5C0025D30E /* engine.sks */; };
		B923535E21389A5D0025D30E /* enemyDeath.sks in Resources */ = {isa = PBXBuildFile; fileRef = B923535B21389A5C0025D30E /* enemyDeath.sks */; };
		B923535F21389A5D0025D30E /* ventingPlasma.sks in Resources */ = {isa = PBXBuildFile; fileRef = B923535C21389A5D0025D30E /* ventingPlasma.sks */; };
		B923536221389E7C0025D30E /* CGFloat+Extensions.swift in Sources */ = {isa = PBXBuildFile; fileRef = B923536021389E7C0025D30E /* CGFloat+Extensions.swift */; };
		B923536321389E7C0025D30E /* CGPoint+Extensions.swift in Sources */ = {isa = PBXBuildFile; fileRef = B923536121389E7C0025D30E /* CGPoint+Extensions.swift */; };
		B92353652139ADAC0025D30E /* BulletParticleLaser.swift in Sources */ = {isa = PBXBuildFile; fileRef = B92353642139ADAC0025D30E /* BulletParticleLaser.swift */; };
		B92353672139C4500025D30E /* BulletRailGun.swift in Sources */ = {isa = PBXBuildFile; fileRef = B92353662139C4500025D30E /* BulletRailGun.swift */; };
		B92353692139C4EA0025D30E /* BulletProtonLaser.swift in Sources */ = {isa = PBXBuildFile; fileRef = B92353682139C4EA0025D30E /* BulletProtonLaser.swift */; };
		B923536B2139D41D0025D30E /* Enemy.swift in Sources */ = {isa = PBXBuildFile; fileRef = B923536A2139D41D0025D30E /* Enemy.swift */; };
		B923536E2139D4720025D30E /* AISteering.swift in Sources */ = {isa = PBXBuildFile; fileRef = B923536D2139D4720025D30E /* AISteering.swift */; };
		B92353702139D4BD0025D30E /* SKColor+Extensions.swift in Sources */ = {isa = PBXBuildFile; fileRef = B923536F2139D4BD0025D30E /* SKColor+Extensions.swift */; };
		B92353722139D61E0025D30E /* EnemySwarmer.swift in Sources */ = {isa = PBXBuildFile; fileRef = B92353712139D61E0025D30E /* EnemySwarmer.swift */; };
		B92353742139F2530025D30E /* EnemyFighter.swift in Sources */ = {isa = PBXBuildFile; fileRef = B92353732139F2530025D30E /* EnemyFighter.swift */; };
		B92353762139F31D0025D30E /* EnemyScout.swift in Sources */ = {isa = PBXBuildFile; fileRef = B92353752139F31D0025D30E /* EnemyScout.swift */; };
		B9235379213A03F90025D30E /* BulletProtonLaser2.swift in Sources */ = {isa = PBXBuildFile; fileRef = B9235378213A03F90025D30E /* BulletProtonLaser2.swift */; };
		B923537B213A10CE0025D30E /* EnemyBossBomber.swift in Sources */ = {isa = PBXBuildFile; fileRef = B923537A213A10CE0025D30E /* EnemyBossBomber.swift */; };
		B923537D213A1CCF0025D30E /* EnemyBossFighter.swift in Sources */ = {isa = PBXBuildFile; fileRef = B923537C213A1CCF0025D30E /* EnemyBossFighter.swift */; };
		B943E3262136046E000777CD /* edunline.ttf in Resources */ = {isa = PBXBuildFile; fileRef = B943E3252136046B000777CD /* edunline.ttf */; };
		B943E32A21360489000777CD /* laser.wav in Resources */ = {isa = PBXBuildFile; fileRef = B943E32721360476000777CD /* laser.wav */; };
		B943E32B2136048C000777CD /* explode.wav in Resources */ = {isa = PBXBuildFile; fileRef = B943E32921360476000777CD /* explode.wav */; };
		B943E32C2136048E000777CD /* bgmusic.mp3 in Resources */ = {isa = PBXBuildFile; fileRef = B943E32821360476000777CD /* bgmusic.mp3 */; };
		B9752CB3213BA44800EDA3B0 /* levelcomplete.mp3 in Resources */ = {isa = PBXBuildFile; fileRef = B9752CB2213BA44800EDA3B0 /* levelcomplete.mp3 */; };
		B9752CB5213BA5CA00EDA3B0 /* gameover.mp3 in Resources */ = {isa = PBXBuildFile; fileRef = B9752CB4213BA5CA00EDA3B0 /* gameover.mp3 */; };
		B9752CB7213BA7A400EDA3B0 /* SKAction.swift in Sources */ = {isa = PBXBuildFile; fileRef = B9752CB6213BA7A400EDA3B0 /* SKAction.swift */; };
		B9752CB9213BB11F00EDA3B0 /* electricshock.mp3 in Resources */ = {isa = PBXBuildFile; fileRef = B9752CB8213BB11F00EDA3B0 /* electricshock.mp3 */; };
		B9752CBB213BB28F00EDA3B0 /* EnemyBulletRailGun.swift in Sources */ = {isa = PBXBuildFile; fileRef = B9752CBA213BB28F00EDA3B0 /* EnemyBulletRailGun.swift */; };
		B9752CBD213C4E8800EDA3B0 /* spark.png in Resources */ = {isa = PBXBuildFile; fileRef = B9752CBC213C4E8800EDA3B0 /* spark.png */; };
		B9752CBF213CBEE700EDA3B0 /* EnemyBulletStaticGun.swift in Sources */ = {isa = PBXBuildFile; fileRef = B9752CBE213CBEE700EDA3B0 /* EnemyBulletStaticGun.swift */; };
		B9752CC1213CF61300EDA3B0 /* electriccurrent.wav in Resources */ = {isa = PBXBuildFile; fileRef = B9752CC0213CF61300EDA3B0 /* electriccurrent.wav */; };
		B9752CC3213D9AA200EDA3B0 /* Bullet.swift in Sources */ = {isa = PBXBuildFile; fileRef = B9752CC2213D9AA200EDA3B0 /* Bullet.swift */; };
		B9752CC5213DA43600EDA3B0 /* pew.wav in Resources */ = {isa = PBXBuildFile; fileRef = B9752CC4213DA43600EDA3B0 /* pew.wav */; };
		B9A18E3C225BF7B5009251A7 /* pf_tempesta_seven.ttf in Resources */ = {isa = PBXBuildFile; fileRef = B9A18E3B225BF428009251A7 /* pf_tempesta_seven.ttf */; };
		B9BC75572135D1370024666F /* AppDelegate.swift in Sources */ = {isa = PBXBuildFile; fileRef = B9BC75562135D1370024666F /* AppDelegate.swift */; };
		B9BC755D2135D1370024666F /* GameScene.swift in Sources */ = {isa = PBXBuildFile; fileRef = B9BC755C2135D1370024666F /* GameScene.swift */; };
		B9BC755F2135D1370024666F /* GameViewController.swift in Sources */ = {isa = PBXBuildFile; fileRef = B9BC755E2135D1370024666F /* GameViewController.swift */; };
		B9BC75622135D1370024666F /* Main.storyboard in Resources */ = {isa = PBXBuildFile; fileRef = B9BC75602135D1370024666F /* Main.storyboard */; };
		B9BC75642135D13B0024666F /* Images.xcassets in Resources */ = {isa = PBXBuildFile; fileRef = B9BC75632135D13B0024666F /* Images.xcassets */; };
		B9BC75722135D13B0024666F /* Last_OutpostTests.swift in Sources */ = {isa = PBXBuildFile; fileRef = B9BC75712135D13B0024666F /* Last_OutpostTests.swift */; };
		B9BC757D2135D13B0024666F /* Last_OutpostUITests.swift in Sources */ = {isa = PBXBuildFile; fileRef = B9BC757C2135D13B0024666F /* Last_OutpostUITests.swift */; };
		B9BC758F2135D4F90024666F /* LaunchScreen.xib in Resources */ = {isa = PBXBuildFile; fileRef = B9BC758E2135D4F80024666F /* LaunchScreen.xib */; };
		B9BC75902135D4F90024666F /* LaunchScreen.xib in Resources */ = {isa = PBXBuildFile; fileRef = B9BC758E2135D4F80024666F /* LaunchScreen.xib */; };
/* End PBXBuildFile section */

/* Begin PBXContainerItemProxy section */
		B9BC756E2135D13B0024666F /* PBXContainerItemProxy */ = {
			isa = PBXContainerItemProxy;
			containerPortal = B9BC754B2135D1370024666F /* Project object */;
			proxyType = 1;
			remoteGlobalIDString = B9BC75522135D1370024666F;
			remoteInfo = "Last Outpost";
		};
		B9BC75792135D13B0024666F /* PBXContainerItemProxy */ = {
			isa = PBXContainerItemProxy;
			containerPortal = B9BC754B2135D1370024666F /* Project object */;
			proxyType = 1;
			remoteGlobalIDString = B9BC75522135D1370024666F;
			remoteInfo = "Last Outpost";
		};
/* End PBXContainerItemProxy section */

/* Begin PBXFileReference section */
		B9235352213896DB0025D30E /* Entity.swift */ = {isa = PBXFileReference; lastKnownFileType = sourcecode.swift; path = Entity.swift; sourceTree = "<group>"; };
		B9235354213896F00025D30E /* PlayerShip.swift */ = {isa = PBXFileReference; lastKnownFileType = sourcecode.swift; path = PlayerShip.swift; sourceTree = "<group>"; };
		B9235357213899710025D30E /* SKTAudio.swift */ = {isa = PBXFileReference; lastKnownFileType = sourcecode.swift; path = SKTAudio.swift; sourceTree = "<group>"; };
		B923535A21389A5C0025D30E /* engine.sks */ = {isa = PBXFileReference; lastKnownFileType = file.sks; path = engine.sks; sourceTree = "<group>"; };
		B923535B21389A5C0025D30E /* enemyDeath.sks */ = {isa = PBXFileReference; lastKnownFileType = file.sks; path = enemyDeath.sks; sourceTree = "<group>"; };
		B923535C21389A5D0025D30E /* ventingPlasma.sks */ = {isa = PBXFileReference; lastKnownFileType = file.sks; path = ventingPlasma.sks; sourceTree = "<group>"; };
		B923536021389E7C0025D30E /* CGFloat+Extensions.swift */ = {isa = PBXFileReference; fileEncoding = 4; lastKnownFileType = sourcecode.swift; path = "CGFloat+Extensions.swift"; sourceTree = "<group>"; };
		B923536121389E7C0025D30E /* CGPoint+Extensions.swift */ = {isa = PBXFileReference; fileEncoding = 4; lastKnownFileType = sourcecode.swift; path = "CGPoint+Extensions.swift"; sourceTree = "<group>"; };
		B92353642139ADAC0025D30E /* BulletParticleLaser.swift */ = {isa = PBXFileReference; lastKnownFileType = sourcecode.swift; path = BulletParticleLaser.swift; sourceTree = "<group>"; };
		B92353662139C4500025D30E /* BulletRailGun.swift */ = {isa = PBXFileReference; lastKnownFileType = sourcecode.swift; path = BulletRailGun.swift; sourceTree = "<group>"; };
		B92353682139C4EA0025D30E /* BulletProtonLaser.swift */ = {isa = PBXFileReference; lastKnownFileType = sourcecode.swift; path = BulletProtonLaser.swift; sourceTree = "<group>"; };
		B923536A2139D41D0025D30E /* Enemy.swift */ = {isa = PBXFileReference; lastKnownFileType = sourcecode.swift; path = Enemy.swift; sourceTree = "<group>"; };
		B923536D2139D4720025D30E /* AISteering.swift */ = {isa = PBXFileReference; lastKnownFileType = sourcecode.swift; path = AISteering.swift; sourceTree = "<group>"; };
		B923536F2139D4BD0025D30E /* SKColor+Extensions.swift */ = {isa = PBXFileReference; lastKnownFileType = sourcecode.swift; path = "SKColor+Extensions.swift"; sourceTree = "<group>"; };
		B92353712139D61E0025D30E /* EnemySwarmer.swift */ = {isa = PBXFileReference; lastKnownFileType = sourcecode.swift; path = EnemySwarmer.swift; sourceTree = "<group>"; };
		B92353732139F2530025D30E /* EnemyFighter.swift */ = {isa = PBXFileReference; lastKnownFileType = sourcecode.swift; path = EnemyFighter.swift; sourceTree = "<group>"; };
		B92353752139F31D0025D30E /* EnemyScout.swift */ = {isa = PBXFileReference; lastKnownFileType = sourcecode.swift; path = EnemyScout.swift; sourceTree = "<group>"; };
		B9235378213A03F90025D30E /* BulletProtonLaser2.swift */ = {isa = PBXFileReference; lastKnownFileType = sourcecode.swift; path = BulletProtonLaser2.swift; sourceTree = "<group>"; };
		B923537A213A10CE0025D30E /* EnemyBossBomber.swift */ = {isa = PBXFileReference; lastKnownFileType = sourcecode.swift; path = EnemyBossBomber.swift; sourceTree = "<group>"; };
		B923537C213A1CCF0025D30E /* EnemyBossFighter.swift */ = {isa = PBXFileReference; lastKnownFileType = sourcecode.swift; path = EnemyBossFighter.swift; sourceTree = "<group>"; };
		B943E3252136046B000777CD /* edunline.ttf */ = {isa = PBXFileReference; lastKnownFileType = file; path = edunline.ttf; sourceTree = "<group>"; };
		B943E32721360476000777CD /* laser.wav */ = {isa = PBXFileReference; lastKnownFileType = audio.wav; path = laser.wav; sourceTree = "<group>"; };
		B943E32821360476000777CD /* bgmusic.mp3 */ = {isa = PBXFileReference; lastKnownFileType = audio.mp3; path = bgmusic.mp3; sourceTree = "<group>"; };
		B943E32921360476000777CD /* explode.wav */ = {isa = PBXFileReference; lastKnownFileType = audio.wav; path = explode.wav; sourceTree = "<group>"; };
		B9752CB2213BA44800EDA3B0 /* levelcomplete.mp3 */ = {isa = PBXFileReference; lastKnownFileType = audio.mp3; path = levelcomplete.mp3; sourceTree = "<group>"; };
		B9752CB4213BA5CA00EDA3B0 /* gameover.mp3 */ = {isa = PBXFileReference; lastKnownFileType = audio.mp3; path = gameover.mp3; sourceTree = "<group>"; };
		B9752CB6213BA7A400EDA3B0 /* SKAction.swift */ = {isa = PBXFileReference; lastKnownFileType = sourcecode.swift; path = SKAction.swift; sourceTree = "<group>"; };
		B9752CB8213BB11F00EDA3B0 /* electricshock.mp3 */ = {isa = PBXFileReference; lastKnownFileType = audio.mp3; path = electricshock.mp3; sourceTree = "<group>"; };
		B9752CBA213BB28F00EDA3B0 /* EnemyBulletRailGun.swift */ = {isa = PBXFileReference; lastKnownFileType = sourcecode.swift; path = EnemyBulletRailGun.swift; sourceTree = "<group>"; };
		B9752CBC213C4E8800EDA3B0 /* spark.png */ = {isa = PBXFileReference; lastKnownFileType = image.png; path = spark.png; sourceTree = "<group>"; };
		B9752CBE213CBEE700EDA3B0 /* EnemyBulletStaticGun.swift */ = {isa = PBXFileReference; lastKnownFileType = sourcecode.swift; path = EnemyBulletStaticGun.swift; sourceTree = "<group>"; };
		B9752CC0213CF61300EDA3B0 /* electriccurrent.wav */ = {isa = PBXFileReference; lastKnownFileType = audio.wav; path = electriccurrent.wav; sourceTree = "<group>"; };
		B9752CC2213D9AA200EDA3B0 /* Bullet.swift */ = {isa = PBXFileReference; lastKnownFileType = sourcecode.swift; path = Bullet.swift; sourceTree = "<group>"; };
		B9752CC4213DA43600EDA3B0 /* pew.wav */ = {isa = PBXFileReference; lastKnownFileType = audio.wav; path = pew.wav; sourceTree = "<group>"; };
		B9A18E3B225BF428009251A7 /* pf_tempesta_seven.ttf */ = {isa = PBXFileReference; lastKnownFileType = file; path = pf_tempesta_seven.ttf; sourceTree = "<group>"; };
		B9BC75532135D1370024666F /* Last Outpost.app */ = {isa = PBXFileReference; explicitFileType = wrapper.application; includeInIndex = 0; path = "Last Outpost.app"; sourceTree = BUILT_PRODUCTS_DIR; };
		B9BC75562135D1370024666F /* AppDelegate.swift */ = {isa = PBXFileReference; lastKnownFileType = sourcecode.swift; path = AppDelegate.swift; sourceTree = "<group>"; };
		B9BC755C2135D1370024666F /* GameScene.swift */ = {isa = PBXFileReference; lastKnownFileType = sourcecode.swift; path = GameScene.swift; sourceTree = "<group>"; };
		B9BC755E2135D1370024666F /* GameViewController.swift */ = {isa = PBXFileReference; lastKnownFileType = sourcecode.swift; path = GameViewController.swift; sourceTree = "<group>"; };
		B9BC75612135D1370024666F /* Base */ = {isa = PBXFileReference; lastKnownFileType = file.storyboard; name = Base; path = Base.lproj/Main.storyboard; sourceTree = "<group>"; };
		B9BC75632135D13B0024666F /* Images.xcassets */ = {isa = PBXFileReference; lastKnownFileType = folder.assetcatalog; path = Images.xcassets; sourceTree = "<group>"; };
		B9BC75682135D13B0024666F /* Info.plist */ = {isa = PBXFileReference; lastKnownFileType = text.plist.xml; path = Info.plist; sourceTree = "<group>"; };
		B9BC756D2135D13B0024666F /* Last OutpostTests.xctest */ = {isa = PBXFileReference; explicitFileType = wrapper.cfbundle; includeInIndex = 0; path = "Last OutpostTests.xctest"; sourceTree = BUILT_PRODUCTS_DIR; };
		B9BC75712135D13B0024666F /* Last_OutpostTests.swift */ = {isa = PBXFileReference; lastKnownFileType = sourcecode.swift; path = Last_OutpostTests.swift; sourceTree = "<group>"; };
		B9BC75732135D13B0024666F /* Info.plist */ = {isa = PBXFileReference; lastKnownFileType = text.plist.xml; path = Info.plist; sourceTree = "<group>"; };
		B9BC75782135D13B0024666F /* Last OutpostUITests.xctest */ = {isa = PBXFileReference; explicitFileType = wrapper.cfbundle; includeInIndex = 0; path = "Last OutpostUITests.xctest"; sourceTree = BUILT_PRODUCTS_DIR; };
		B9BC757C2135D13B0024666F /* Last_OutpostUITests.swift */ = {isa = PBXFileReference; lastKnownFileType = sourcecode.swift; path = Last_OutpostUITests.swift; sourceTree = "<group>"; };
		B9BC757E2135D13B0024666F /* Info.plist */ = {isa = PBXFileReference; lastKnownFileType = text.plist.xml; path = Info.plist; sourceTree = "<group>"; };
		B9BC758E2135D4F80024666F /* LaunchScreen.xib */ = {isa = PBXFileReference; fileEncoding = 4; lastKnownFileType = file.xib; path = LaunchScreen.xib; sourceTree = "<group>"; };
/* End PBXFileReference section */

/* Begin PBXFrameworksBuildPhase section */
		B9BC75502135D1370024666F /* Frameworks */ = {
			isa = PBXFrameworksBuildPhase;
			buildActionMask = 2147483647;
			files = (
			);
			runOnlyForDeploymentPostprocessing = 0;
		};
		B9BC756A2135D13B0024666F /* Frameworks */ = {
			isa = PBXFrameworksBuildPhase;
			buildActionMask = 2147483647;
			files = (
			);
			runOnlyForDeploymentPostprocessing = 0;
		};
		B9BC75752135D13B0024666F /* Frameworks */ = {
			isa = PBXFrameworksBuildPhase;
			buildActionMask = 2147483647;
			files = (
			);
			runOnlyForDeploymentPostprocessing = 0;
		};
/* End PBXFrameworksBuildPhase section */

/* Begin PBXGroup section */
		B90301BF2135FE900042E6EA /* Resources */ = {
			isa = PBXGroup;
			children = (
				B943E32E213604DD000777CD /* Sounds */,
				B943E32D213604D5000777CD /* Fonts */,
			);
			path = Resources;
			sourceTree = "<group>";
		};
		B9235351213896910025D30E /* Entities */ = {
			isa = PBXGroup;
			children = (
				B9752CC2213D9AA200EDA3B0 /* Bullet.swift */,
				B9235352213896DB0025D30E /* Entity.swift */,
				B9235354213896F00025D30E /* PlayerShip.swift */,
				B92353642139ADAC0025D30E /* BulletParticleLaser.swift */,
				B92353682139C4EA0025D30E /* BulletProtonLaser.swift */,
				B9235378213A03F90025D30E /* BulletProtonLaser2.swift */,
				B92353662139C4500025D30E /* BulletRailGun.swift */,
				B923536A2139D41D0025D30E /* Enemy.swift */,
				B92353752139F31D0025D30E /* EnemyScout.swift */,
				B92353732139F2530025D30E /* EnemyFighter.swift */,
				B92353712139D61E0025D30E /* EnemySwarmer.swift */,
				B923537A213A10CE0025D30E /* EnemyBossBomber.swift */,
				B923537C213A1CCF0025D30E /* EnemyBossFighter.swift */,
				B9752CBA213BB28F00EDA3B0 /* EnemyBulletRailGun.swift */,
				B9752CBE213CBEE700EDA3B0 /* EnemyBulletStaticGun.swift */,
			);
			path = Entities;
			sourceTree = "<group>";
		};
		B92353562138994F0025D30E /* SKTUtils */ = {
			isa = PBXGroup;
			children = (
				B923536021389E7C0025D30E /* CGFloat+Extensions.swift */,
				B923536121389E7C0025D30E /* CGPoint+Extensions.swift */,
				B9235357213899710025D30E /* SKTAudio.swift */,
				B923536F2139D4BD0025D30E /* SKColor+Extensions.swift */,
				B9752CB6213BA7A400EDA3B0 /* SKAction.swift */,
			);
			path = SKTUtils;
			sourceTree = "<group>";
		};
		B923535921389A0A0025D30E /* Particles */ = {
			isa = PBXGroup;
			children = (
				B9752CBC213C4E8800EDA3B0 /* spark.png */,
				B923535B21389A5C0025D30E /* enemyDeath.sks */,
				B923535A21389A5C0025D30E /* engine.sks */,
				B923535C21389A5D0025D30E /* ventingPlasma.sks */,
			);
			path = Particles;
			sourceTree = "<group>";
		};
		B923536C2139D4520025D30E /* AI */ = {
			isa = PBXGroup;
			children = (
				B923536D2139D4720025D30E /* AISteering.swift */,
			);
			path = AI;
			sourceTree = "<group>";
		};
		B943E32D213604D5000777CD /* Fonts */ = {
			isa = PBXGroup;
			children = (
				B9A18E3B225BF428009251A7 /* pf_tempesta_seven.ttf */,
				B943E3252136046B000777CD /* edunline.ttf */,
			);
			path = Fonts;
			sourceTree = "<group>";
		};
		B943E32E213604DD000777CD /* Sounds */ = {
			isa = PBXGroup;
			children = (
				B9752CC4213DA43600EDA3B0 /* pew.wav */,
				B9752CC0213CF61300EDA3B0 /* electriccurrent.wav */,
				B9752CB8213BB11F00EDA3B0 /* electricshock.mp3 */,
				B9752CB4213BA5CA00EDA3B0 /* gameover.mp3 */,
				B9752CB2213BA44800EDA3B0 /* levelcomplete.mp3 */,
				B943E32821360476000777CD /* bgmusic.mp3 */,
				B943E32921360476000777CD /* explode.wav */,
				B943E32721360476000777CD /* laser.wav */,
			);
			path = Sounds;
			sourceTree = "<group>";
		};
		B9BC754A2135D1370024666F = {
			isa = PBXGroup;
			children = (
				B9BC75552135D1370024666F /* Last Outpost */,
				B9BC75702135D13B0024666F /* Last OutpostTests */,
				B9BC757B2135D13B0024666F /* Last OutpostUITests */,
				B9BC75542135D1370024666F /* Products */,
			);
			sourceTree = "<group>";
		};
		B9BC75542135D1370024666F /* Products */ = {
			isa = PBXGroup;
			children = (
				B9BC75532135D1370024666F /* Last Outpost.app */,
				B9BC756D2135D13B0024666F /* Last OutpostTests.xctest */,
				B9BC75782135D13B0024666F /* Last OutpostUITests.xctest */,
			);
			name = Products;
			sourceTree = "<group>";
		};
		B9BC75552135D1370024666F /* Last Outpost */ = {
			isa = PBXGroup;
			children = (
				B923536C2139D4520025D30E /* AI */,
				B923535921389A0A0025D30E /* Particles */,
				B92353562138994F0025D30E /* SKTUtils */,
				B9235351213896910025D30E /* Entities */,
				B90301BF2135FE900042E6EA /* Resources */,
				B9BC75562135D1370024666F /* AppDelegate.swift */,
				B9BC755C2135D1370024666F /* GameScene.swift */,
				B9BC755E2135D1370024666F /* GameViewController.swift */,
				B9BC75602135D1370024666F /* Main.storyboard */,
				B9BC75632135D13B0024666F /* Images.xcassets */,
				B9BC758E2135D4F80024666F /* LaunchScreen.xib */,
				B9BC75682135D13B0024666F /* Info.plist */,
			);
			path = "Last Outpost";
			sourceTree = "<group>";
		};
		B9BC75702135D13B0024666F /* Last OutpostTests */ = {
			isa = PBXGroup;
			children = (
				B9BC75712135D13B0024666F /* Last_OutpostTests.swift */,
				B9BC75732135D13B0024666F /* Info.plist */,
			);
			path = "Last OutpostTests";
			sourceTree = "<group>";
		};
		B9BC757B2135D13B0024666F /* Last OutpostUITests */ = {
			isa = PBXGroup;
			children = (
				B9BC757C2135D13B0024666F /* Last_OutpostUITests.swift */,
				B9BC757E2135D13B0024666F /* Info.plist */,
			);
			path = "Last OutpostUITests";
			sourceTree = "<group>";
		};
/* End PBXGroup section */

/* Begin PBXNativeTarget section */
		B9BC75522135D1370024666F /* Last Outpost */ = {
			isa = PBXNativeTarget;
			buildConfigurationList = B9BC75812135D13B0024666F /* Build configuration list for PBXNativeTarget "Last Outpost" */;
			buildPhases = (
				B9BC754F2135D1370024666F /* Sources */,
				B9BC75502135D1370024666F /* Frameworks */,
				B9BC75512135D1370024666F /* Resources */,
			);
			buildRules = (
			);
			dependencies = (
			);
			name = "Last Outpost";
			productName = "Last Outpost";
			productReference = B9BC75532135D1370024666F /* Last Outpost.app */;
			productType = "com.apple.product-type.application";
		};
		B9BC756C2135D13B0024666F /* Last OutpostTests */ = {
			isa = PBXNativeTarget;
			buildConfigurationList = B9BC75842135D13B0024666F /* Build configuration list for PBXNativeTarget "Last OutpostTests" */;
			buildPhases = (
				B9BC75692135D13B0024666F /* Sources */,
				B9BC756A2135D13B0024666F /* Frameworks */,
				B9BC756B2135D13B0024666F /* Resources */,
			);
			buildRules = (
			);
			dependencies = (
				B9BC756F2135D13B0024666F /* PBXTargetDependency */,
			);
			name = "Last OutpostTests";
			productName = "Last OutpostTests";
			productReference = B9BC756D2135D13B0024666F /* Last OutpostTests.xctest */;
			productType = "com.apple.product-type.bundle.unit-test";
		};
		B9BC75772135D13B0024666F /* Last OutpostUITests */ = {
			isa = PBXNativeTarget;
			buildConfigurationList = B9BC75872135D13B0024666F /* Build configuration list for PBXNativeTarget "Last OutpostUITests" */;
			buildPhases = (
				B9BC75742135D13B0024666F /* Sources */,
				B9BC75752135D13B0024666F /* Frameworks */,
				B9BC75762135D13B0024666F /* Resources */,
			);
			buildRules = (
			);
			dependencies = (
				B9BC757A2135D13B0024666F /* PBXTargetDependency */,
			);
			name = "Last OutpostUITests";
			productName = "Last OutpostUITests";
			productReference = B9BC75782135D13B0024666F /* Last OutpostUITests.xctest */;
			productType = "com.apple.product-type.bundle.ui-testing";
		};
/* End PBXNativeTarget section */

/* Begin PBXProject section */
		B9BC754B2135D1370024666F /* Project object */ = {
			isa = PBXProject;
			attributes = {
				LastSwiftUpdateCheck = 0940;
				LastUpgradeCheck = 0940;
				ORGANIZATIONNAME = "George McMullen";
				TargetAttributes = {
					B9BC75522135D1370024666F = {
						CreatedOnToolsVersion = 9.4.1;
					};
					B9BC756C2135D13B0024666F = {
						CreatedOnToolsVersion = 9.4.1;
						TestTargetID = B9BC75522135D1370024666F;
					};
					B9BC75772135D13B0024666F = {
						CreatedOnToolsVersion = 9.4.1;
						TestTargetID = B9BC75522135D1370024666F;
					};
				};
			};
			buildConfigurationList = B9BC754E2135D1370024666F /* Build configuration list for PBXProject "Last Outpost" */;
			compatibilityVersion = "Xcode 9.3";
			developmentRegion = en;
			hasScannedForEncodings = 0;
			knownRegions = (
				en,
				Base,
			);
			mainGroup = B9BC754A2135D1370024666F;
			productRefGroup = B9BC75542135D1370024666F /* Products */;
			projectDirPath = "";
			projectRoot = "";
			targets = (
				B9BC75522135D1370024666F /* Last Outpost */,
				B9BC756C2135D13B0024666F /* Last OutpostTests */,
				B9BC75772135D13B0024666F /* Last OutpostUITests */,
			);
		};
/* End PBXProject section */

/* Begin PBXResourcesBuildPhase section */
		B9BC75512135D1370024666F /* Resources */ = {
			isa = PBXResourcesBuildPhase;
			buildActionMask = 2147483647;
			files = (
				B943E32A21360489000777CD /* laser.wav in Resources */,
				B943E3262136046E000777CD /* edunline.ttf in Resources */,
				B943E32C2136048E000777CD /* bgmusic.mp3 in Resources */,
				B9752CBD213C4E8800EDA3B0 /* spark.png in Resources */,
				B943E32B2136048C000777CD /* explode.wav in Resources */,
				B923535E21389A5D0025D30E /* enemyDeath.sks in Resources */,
				B9BC758F2135D4F90024666F /* LaunchScreen.xib in Resources */,
				B9752CB3213BA44800EDA3B0 /* levelcomplete.mp3 in Resources */,
				B9A18E3C225BF7B5009251A7 /* pf_tempesta_seven.ttf in Resources */,
				B9BC75622135D1370024666F /* Main.storyboard in Resources */,
				B9752CB5213BA5CA00EDA3B0 /* gameover.mp3 in Resources */,
				B9BC75642135D13B0024666F /* Images.xcassets in Resources */,
				B9752CC1213CF61300EDA3B0 /* electriccurrent.wav in Resources */,
				B923535D21389A5D0025D30E /* engine.sks in Resources */,
				B923535F21389A5D0025D30E /* ventingPlasma.sks in Resources */,
				B9752CB9213BB11F00EDA3B0 /* electricshock.mp3 in Resources */,
				B9752CC5213DA43600EDA3B0 /* pew.wav in Resources */,
			);
			runOnlyForDeploymentPostprocessing = 0;
		};
		B9BC756B2135D13B0024666F /* Resources */ = {
			isa = PBXResourcesBuildPhase;
			buildActionMask = 2147483647;
			files = (
				B9BC75902135D4F90024666F /* LaunchScreen.xib in Resources */,
			);
			runOnlyForDeploymentPostprocessing = 0;
		};
		B9BC75762135D13B0024666F /* Resources */ = {
			isa = PBXResourcesBuildPhase;
			buildActionMask = 2147483647;
			files = (
			);
			runOnlyForDeploymentPostprocessing = 0;
		};
/* End PBXResourcesBuildPhase section */

/* Begin PBXSourcesBuildPhase section */
		B9BC754F2135D1370024666F /* Sources */ = {
			isa = PBXSourcesBuildPhase;
			buildActionMask = 2147483647;
			files = (
				B9235353213896DB0025D30E /* Entity.swift in Sources */,
				B9BC755D2135D1370024666F /* GameScene.swift in Sources */,
				B9752CB7213BA7A400EDA3B0 /* SKAction.swift in Sources */,
				B92353762139F31D0025D30E /* EnemyScout.swift in Sources */,
				B92353672139C4500025D30E /* BulletRailGun.swift in Sources */,
				B923536E2139D4720025D30E /* AISteering.swift in Sources */,
				B92353742139F2530025D30E /* EnemyFighter.swift in Sources */,
				B923536321389E7C0025D30E /* CGPoint+Extensions.swift in Sources */,
				B92353692139C4EA0025D30E /* BulletProtonLaser.swift in Sources */,
				B92353652139ADAC0025D30E /* BulletParticleLaser.swift in Sources */,
				B923536221389E7C0025D30E /* CGFloat+Extensions.swift in Sources */,
				B9BC755F2135D1370024666F /* GameViewController.swift in Sources */,
				B923537D213A1CCF0025D30E /* EnemyBossFighter.swift in Sources */,
				B92353702139D4BD0025D30E /* SKColor+Extensions.swift in Sources */,
				B923536B2139D41D0025D30E /* Enemy.swift in Sources */,
				B92353722139D61E0025D30E /* EnemySwarmer.swift in Sources */,
				B9235379213A03F90025D30E /* BulletProtonLaser2.swift in Sources */,
				B9752CBF213CBEE700EDA3B0 /* EnemyBulletStaticGun.swift in Sources */,
				B9235358213899710025D30E /* SKTAudio.swift in Sources */,
				B9BC75572135D1370024666F /* AppDelegate.swift in Sources */,
				B923537B213A10CE0025D30E /* EnemyBossBomber.swift in Sources */,
				B9752CBB213BB28F00EDA3B0 /* EnemyBulletRailGun.swift in Sources */,
				B9235355213896F00025D30E /* PlayerShip.swift in Sources */,
				B9752CC3213D9AA200EDA3B0 /* Bullet.swift in Sources */,
			);
			runOnlyForDeploymentPostprocessing = 0;
		};
		B9BC75692135D13B0024666F /* Sources */ = {
			isa = PBXSourcesBuildPhase;
			buildActionMask = 2147483647;
			files = (
				B9BC75722135D13B0024666F /* Last_OutpostTests.swift in Sources */,
			);
			runOnlyForDeploymentPostprocessing = 0;
		};
		B9BC75742135D13B0024666F /* Sources */ = {
			isa = PBXSourcesBuildPhase;
			buildActionMask = 2147483647;
			files = (
				B9BC757D2135D13B0024666F /* Last_OutpostUITests.swift in Sources */,
			);
			runOnlyForDeploymentPostprocessing = 0;
		};
/* End PBXSourcesBuildPhase section */

/* Begin PBXTargetDependency section */
		B9BC756F2135D13B0024666F /* PBXTargetDependency */ = {
			isa = PBXTargetDependency;
			target = B9BC75522135D1370024666F /* Last Outpost */;
			targetProxy = B9BC756E2135D13B0024666F /* PBXContainerItemProxy */;
		};
		B9BC757A2135D13B0024666F /* PBXTargetDependency */ = {
			isa = PBXTargetDependency;
			target = B9BC75522135D1370024666F /* Last Outpost */;
			targetProxy = B9BC75792135D13B0024666F /* PBXContainerItemProxy */;
		};
/* End PBXTargetDependency section */

/* Begin PBXVariantGroup section */
		B9BC75602135D1370024666F /* Main.storyboard */ = {
			isa = PBXVariantGroup;
			children = (
				B9BC75612135D1370024666F /* Base */,
			);
			name = Main.storyboard;
			sourceTree = "<group>";
		};
/* End PBXVariantGroup section */

/* Begin XCBuildConfiguration section */
		B9BC757F2135D13B0024666F /* Debug */ = {
			isa = XCBuildConfiguration;
			buildSettings = {
				ALWAYS_SEARCH_USER_PATHS = NO;
				CLANG_ANALYZER_NONNULL = YES;
				CLANG_ANALYZER_NUMBER_OBJECT_CONVERSION = YES_AGGRESSIVE;
				CLANG_CXX_LANGUAGE_STANDARD = "gnu++14";
				CLANG_CXX_LIBRARY = "libc++";
				CLANG_ENABLE_MODULES = YES;
				CLANG_ENABLE_OBJC_ARC = YES;
				CLANG_ENABLE_OBJC_WEAK = YES;
				CLANG_WARN_BLOCK_CAPTURE_AUTORELEASING = YES;
				CLANG_WARN_BOOL_CONVERSION = YES;
				CLANG_WARN_COMMA = YES;
				CLANG_WARN_CONSTANT_CONVERSION = YES;
				CLANG_WARN_DEPRECATED_OBJC_IMPLEMENTATIONS = YES;
				CLANG_WARN_DIRECT_OBJC_ISA_USAGE = YES_ERROR;
				CLANG_WARN_DOCUMENTATION_COMMENTS = YES;
				CLANG_WARN_EMPTY_BODY = YES;
				CLANG_WARN_ENUM_CONVERSION = YES;
				CLANG_WARN_INFINITE_RECURSION = YES;
				CLANG_WARN_INT_CONVERSION = YES;
				CLANG_WARN_NON_LITERAL_NULL_CONVERSION = YES;
				CLANG_WARN_OBJC_IMPLICIT_RETAIN_SELF = YES;
				CLANG_WARN_OBJC_LITERAL_CONVERSION = YES;
				CLANG_WARN_OBJC_ROOT_CLASS = YES_ERROR;
				CLANG_WARN_RANGE_LOOP_ANALYSIS = YES;
				CLANG_WARN_STRICT_PROTOTYPES = YES;
				CLANG_WARN_SUSPICIOUS_MOVE = YES;
				CLANG_WARN_UNGUARDED_AVAILABILITY = YES_AGGRESSIVE;
				CLANG_WARN_UNREACHABLE_CODE = YES;
				CLANG_WARN__DUPLICATE_METHOD_MATCH = YES;
				CODE_SIGN_IDENTITY = "iPhone Developer";
				COPY_PHASE_STRIP = NO;
				DEBUG_INFORMATION_FORMAT = dwarf;
				ENABLE_STRICT_OBJC_MSGSEND = YES;
				ENABLE_TESTABILITY = YES;
				GCC_C_LANGUAGE_STANDARD = gnu11;
				GCC_DYNAMIC_NO_PIC = NO;
				GCC_NO_COMMON_BLOCKS = YES;
				GCC_OPTIMIZATION_LEVEL = 0;
				GCC_PREPROCESSOR_DEFINITIONS = (
					"DEBUG=1",
					"$(inherited)",
				);
				GCC_WARN_64_TO_32_BIT_CONVERSION = YES;
				GCC_WARN_ABOUT_RETURN_TYPE = YES_ERROR;
				GCC_WARN_UNDECLARED_SELECTOR = YES;
				GCC_WARN_UNINITIALIZED_AUTOS = YES_AGGRESSIVE;
				GCC_WARN_UNUSED_FUNCTION = YES;
				GCC_WARN_UNUSED_VARIABLE = YES;
				IPHONEOS_DEPLOYMENT_TARGET = 11.4;
				MTL_ENABLE_DEBUG_INFO = YES;
				ONLY_ACTIVE_ARCH = YES;
				SDKROOT = iphoneos;
				SWIFT_ACTIVE_COMPILATION_CONDITIONS = DEBUG;
				SWIFT_OPTIMIZATION_LEVEL = "-Onone";
			};
			name = Debug;
		};
		B9BC75802135D13B0024666F /* Release */ = {
			isa = XCBuildConfiguration;
			buildSettings = {
				ALWAYS_SEARCH_USER_PATHS = NO;
				CLANG_ANALYZER_NONNULL = YES;
				CLANG_ANALYZER_NUMBER_OBJECT_CONVERSION = YES_AGGRESSIVE;
				CLANG_CXX_LANGUAGE_STANDARD = "gnu++14";
				CLANG_CXX_LIBRARY = "libc++";
				CLANG_ENABLE_MODULES = YES;
				CLANG_ENABLE_OBJC_ARC = YES;
				CLANG_ENABLE_OBJC_WEAK = YES;
				CLANG_WARN_BLOCK_CAPTURE_AUTORELEASING = YES;
				CLANG_WARN_BOOL_CONVERSION = YES;
				CLANG_WARN_COMMA = YES;
				CLANG_WARN_CONSTANT_CONVERSION = YES;
				CLANG_WARN_DEPRECATED_OBJC_IMPLEMENTATIONS = YES;
				CLANG_WARN_DIRECT_OBJC_ISA_USAGE = YES_ERROR;
				CLANG_WARN_DOCUMENTATION_COMMENTS = YES;
				CLANG_WARN_EMPTY_BODY = YES;
				CLANG_WARN_ENUM_CONVERSION = YES;
				CLANG_WARN_INFINITE_RECURSION = YES;
				CLANG_WARN_INT_CONVERSION = YES;
				CLANG_WARN_NON_LITERAL_NULL_CONVERSION = YES;
				CLANG_WARN_OBJC_IMPLICIT_RETAIN_SELF = YES;
				CLANG_WARN_OBJC_LITERAL_CONVERSION = YES;
				CLANG_WARN_OBJC_ROOT_CLASS = YES_ERROR;
				CLANG_WARN_RANGE_LOOP_ANALYSIS = YES;
				CLANG_WARN_STRICT_PROTOTYPES = YES;
				CLANG_WARN_SUSPICIOUS_MOVE = YES;
				CLANG_WARN_UNGUARDED_AVAILABILITY = YES_AGGRESSIVE;
				CLANG_WARN_UNREACHABLE_CODE = YES;
				CLANG_WARN__DUPLICATE_METHOD_MATCH = YES;
				CODE_SIGN_IDENTITY = "iPhone Developer";
				COPY_PHASE_STRIP = NO;
				DEBUG_INFORMATION_FORMAT = "dwarf-with-dsym";
				ENABLE_NS_ASSERTIONS = NO;
				ENABLE_STRICT_OBJC_MSGSEND = YES;
				GCC_C_LANGUAGE_STANDARD = gnu11;
				GCC_NO_COMMON_BLOCKS = YES;
				GCC_WARN_64_TO_32_BIT_CONVERSION = YES;
				GCC_WARN_ABOUT_RETURN_TYPE = YES_ERROR;
				GCC_WARN_UNDECLARED_SELECTOR = YES;
				GCC_WARN_UNINITIALIZED_AUTOS = YES_AGGRESSIVE;
				GCC_WARN_UNUSED_FUNCTION = YES;
				GCC_WARN_UNUSED_VARIABLE = YES;
				IPHONEOS_DEPLOYMENT_TARGET = 11.4;
				MTL_ENABLE_DEBUG_INFO = NO;
				SDKROOT = iphoneos;
				SWIFT_COMPILATION_MODE = wholemodule;
				SWIFT_OPTIMIZATION_LEVEL = "-O";
				VALIDATE_PRODUCT = YES;
			};
			name = Release;
		};
		B9BC75822135D13B0024666F /* Debug */ = {
			isa = XCBuildConfiguration;
			buildSettings = {
				ASSETCATALOG_COMPILER_APPICON_NAME = AppIcon;
				CODE_SIGN_STYLE = Automatic;
				DEVELOPMENT_TEAM = SQ56632BKB;
				GCC_PREPROCESSOR_DEFINITIONS = (
					"DEBUG=1",
					"$(inherited)",
				);
				INFOPLIST_FILE = "Last Outpost/Info.plist";
				IPHONEOS_DEPLOYMENT_TARGET = 12.1;
				LD_RUNPATH_SEARCH_PATHS = (
					"$(inherited)",
					"@executable_path/Frameworks",
				);
				PRODUCT_BUNDLE_IDENTIFIER = "com.binaryimaginations.Last-Outpost";
				PRODUCT_NAME = "$(TARGET_NAME)";
				STRIP_STYLE = debugging;
				SWIFT_ACTIVE_COMPILATION_CONDITIONS = "";
				"SWIFT_ACTIVE_COMPILATION_CONDITIONS[arch=*]" = DEBUG;
				SWIFT_VERSION = 4.0;
				TARGETED_DEVICE_FAMILY = "1,2";
			};
			name = Debug;
		};
		B9BC75832135D13B0024666F /* Release */ = {
			isa = XCBuildConfiguration;
			buildSettings = {
				ASSETCATALOG_COMPILER_APPICON_NAME = AppIcon;
				CODE_SIGN_STYLE = Automatic;
				DEVELOPMENT_TEAM = SQ56632BKB;
				INFOPLIST_FILE = "Last Outpost/Info.plist";
				IPHONEOS_DEPLOYMENT_TARGET = 12.1;
				LD_RUNPATH_SEARCH_PATHS = (
					"$(inherited)",
					"@executable_path/Frameworks",
				);
				PRODUCT_BUNDLE_IDENTIFIER = "com.binaryimaginations.Last-Outpost";
				PRODUCT_NAME = "$(TARGET_NAME)";
				STRIP_STYLE = debugging;
				SWIFT_ACTIVE_COMPILATION_CONDITIONS = "";
				SWIFT_VERSION = 4.0;
				TARGETED_DEVICE_FAMILY = "1,2";
			};
			name = Release;
		};
		B9BC75852135D13B0024666F /* Debug */ = {
			isa = XCBuildConfiguration;
			buildSettings = {
				ALWAYS_EMBED_SWIFT_STANDARD_LIBRARIES = YES;
				BUNDLE_LOADER = "$(TEST_HOST)";
				CODE_SIGN_STYLE = Automatic;
				DEVELOPMENT_TEAM = SQ56632BKB;
				INFOPLIST_FILE = "Last OutpostTests/Info.plist";
				LD_RUNPATH_SEARCH_PATHS = (
					"$(inherited)",
					"@executable_path/Frameworks",
					"@loader_path/Frameworks",
				);
				PRODUCT_BUNDLE_IDENTIFIER = "com.binaryimaginations.Last-OutpostTests";
				PRODUCT_NAME = "$(TARGET_NAME)";
				SWIFT_VERSION = 4.0;
				TARGETED_DEVICE_FAMILY = "1,2";
				TEST_HOST = "$(BUILT_PRODUCTS_DIR)/Last Outpost.app/Last Outpost";
			};
			name = Debug;
		};
		B9BC75862135D13B0024666F /* Release */ = {
			isa = XCBuildConfiguration;
			buildSettings = {
				ALWAYS_EMBED_SWIFT_STANDARD_LIBRARIES = YES;
				BUNDLE_LOADER = "$(TEST_HOST)";
				CODE_SIGN_STYLE = Automatic;
				DEVELOPMENT_TEAM = SQ56632BKB;
				INFOPLIST_FILE = "Last OutpostTests/Info.plist";
				LD_RUNPATH_SEARCH_PATHS = (
					"$(inherited)",
					"@executable_path/Frameworks",
					"@loader_path/Frameworks",
				);
				PRODUCT_BUNDLE_IDENTIFIER = "com.binaryimaginations.Last-OutpostTests";
				PRODUCT_NAME = "$(TARGET_NAME)";
				SWIFT_VERSION = 4.0;
				TARGETED_DEVICE_FAMILY = "1,2";
				TEST_HOST = "$(BUILT_PRODUCTS_DIR)/Last Outpost.app/Last Outpost";
			};
			name = Release;
		};
		B9BC75882135D13B0024666F /* Debug */ = {
			isa = XCBuildConfiguration;
			buildSettings = {
				ALWAYS_EMBED_SWIFT_STANDARD_LIBRARIES = YES;
				CODE_SIGN_STYLE = Automatic;
				DEVELOPMENT_TEAM = SQ56632BKB;
				INFOPLIST_FILE = "Last OutpostUITests/Info.plist";
				LD_RUNPATH_SEARCH_PATHS = (
					"$(inherited)",
					"@executable_path/Frameworks",
					"@loader_path/Frameworks",
				);
				PRODUCT_BUNDLE_IDENTIFIER = "com.binaryimaginations.Last-OutpostUITests";
				PRODUCT_NAME = "$(TARGET_NAME)";
				SWIFT_VERSION = 4.0;
				TARGETED_DEVICE_FAMILY = "1,2";
				TEST_TARGET_NAME = "Last Outpost";
			};
			name = Debug;
		};
		B9BC75892135D13B0024666F /* Release */ = {
			isa = XCBuildConfiguration;
			buildSettings = {
				ALWAYS_EMBED_SWIFT_STANDARD_LIBRARIES = YES;
				CODE_SIGN_STYLE = Automatic;
				DEVELOPMENT_TEAM = SQ56632BKB;
				INFOPLIST_FILE = "Last OutpostUITests/Info.plist";
				LD_RUNPATH_SEARCH_PATHS = (
					"$(inherited)",
					"@executable_path/Frameworks",
					"@loader_path/Frameworks",
				);
				PRODUCT_BUNDLE_IDENTIFIER = "com.binaryimaginations.Last-OutpostUITests";
				PRODUCT_NAME = "$(TARGET_NAME)";
				SWIFT_VERSION = 4.0;
				TARGETED_DEVICE_FAMILY = "1,2";
				TEST_TARGET_NAME = "Last Outpost";
			};
			name = Release;
		};
/* End XCBuildConfiguration section */

/* Begin XCConfigurationList section */
		B9BC754E2135D1370024666F /* Build configuration list for PBXProject "Last Outpost" */ = {
			isa = XCConfigurationList;
			buildConfigurations = (
				B9BC757F2135D13B0024666F /* Debug */,
				B9BC75802135D13B0024666F /* Release */,
			);
			defaultConfigurationIsVisible = 0;
			defaultConfigurationName = Release;
		};
		B9BC75812135D13B0024666F /* Build configuration list for PBXNativeTarget "Last Outpost" */ = {
			isa = XCConfigurationList;
			buildConfigurations = (
				B9BC75822135D13B0024666F /* Debug */,
				B9BC75832135D13B0024666F /* Release */,
			);
			defaultConfigurationIsVisible = 0;
			defaultConfigurationName = Release;
		};
		B9BC75842135D13B0024666F /* Build configuration list for PBXNativeTarget "Last OutpostTests" */ = {
			isa = XCConfigurationList;
			buildConfigurations = (
				B9BC75852135D13B0024666F /* Debug */,
				B9BC75862135D13B0024666F /* Release */,
			);
			defaultConfigurationIsVisible = 0;
			defaultConfigurationName = Release;
		};
		B9BC75872135D13B0024666F /* Build configuration list for PBXNativeTarget "Last OutpostUITests" */ = {
			isa = XCConfigurationList;
			buildConfigurations = (
				B9BC75882135D13B0024666F /* Debug */,
				B9BC75892135D13B0024666F /* Release */,
			);
			defaultConfigurationIsVisible = 0;
			defaultConfigurationName = Release;
		};
/* End XCConfigurationList section */
	};
	rootObject = B9BC754B2135D1370024666F /* Project object */;
}
